
Microsoft Visual Studio Solution File, Format Version 12.00
# Visual Studio 2013
VisualStudioVersion = 12.0.31101.0
MinimumVisualStudioVersion = 10.0.40219.1
Project("{FAE04EC0-301F-11D3-BF4B-00C04F79EFBC}") = "SIGA", "SIGA\SIGA.csproj", "{78C187AD-F806-4F36-939E-1D73F290565F}"
EndProject
Project("{FAE04EC0-301F-11D3-BF4B-00C04F79EFBC}") = "SIGA_Model", "SIGA_Model\SIGA_Model.csproj", "{404B8455-A61B-48B6-959D-0CA516E55205}"
EndProject
Global
	GlobalSection(SolutionConfigurationPlatforms) = preSolution
		Debug|Any CPU = Debug|Any CPU
		Release|Any CPU = Release|Any CPU
	EndGlobalSection
	GlobalSection(ProjectConfigurationPlatforms) = postSolution
		{78C187AD-F806-4F36-939E-1D73F290565F}.Debug|Any CPU.ActiveCfg = Debug|Any CPU
		{78C187AD-F806-4F36-939E-1D73F290565F}.Debug|Any CPU.Build.0 = Debug|Any CPU
		{78C187AD-F806-4F36-939E-1D73F290565F}.Release|Any CPU.ActiveCfg = Release|Any CPU
		{78C187AD-F806-4F36-939E-1D73F290565F}.Release|Any CPU.Build.0 = Release|Any CPU
		{404B8455-A61B-48B6-959D-0CA516E55205}.Debug|Any CPU.ActiveCfg = Debug|Any CPU
		{404B8455-A61B-48B6-959D-0CA516E55205}.Debug|Any CPU.Build.0 = Debug|Any CPU
		{404B8455-A61B-48B6-959D-0CA516E55205}.Release|Any CPU.ActiveCfg = Release|Any CPU
		{404B8455-A61B-48B6-959D-0CA516E55205}.Release|Any CPU.Build.0 = Release|Any CPU
	EndGlobalSection
	GlobalSection(SolutionProperties) = preSolution
		HideSolutionNode = FALSE
	EndGlobalSection
EndGlobal
